
Microsoft Visual Studio Solution File, Format Version 12.00
# Visual Studio Version 17
VisualStudioVersion = 17.11.35222.181
MinimumVisualStudioVersion = 10.0.40219.1
Project("{2150E333-8FDC-42A3-9474-1A3956D46DE8}") = "Task0", "Task0", "{6C609C5A-37FF-47CF-AA97-7413E2CCD74F}"
EndProject
Project("{9A19103F-16F7-4668-BE54-9A1E7A4F7556}") = "Tyuiu.RaushKN.Sprint2.Task0.V16", "Tyuiu.RaushKN.Sprint2.Task0.V16\Tyuiu.RaushKN.Sprint2.Task0.V16.csproj", "{2B1273D7-7EB8-4750-950E-7A01DE1C0C93}"
EndProject
Project("{9A19103F-16F7-4668-BE54-9A1E7A4F7556}") = "Tyuiu.RaushKN.Sprint2.Task0.V16.Lib", "Tyuiu.RaushKN.Sprint2.Task0.V16.Lib\Tyuiu.RaushKN.Sprint2.Task0.V16.Lib.csproj", "{BDE60231-1735-4D02-97BA-77E65BF15A06}"
EndProject
Project("{9A19103F-16F7-4668-BE54-9A1E7A4F7556}") = "Tyuiu.RaushKN.Sprint2.Task0.V16.Test", "Tyuiu.RaushKN.Sprint2.Task0.V16.Test\Tyuiu.RaushKN.Sprint2.Task0.V16.Test.csproj", "{3BB0A7AF-D47D-43E0-803D-95E15333C350}"
EndProject
Project("{2150E333-8FDC-42A3-9474-1A3956D46DE8}") = "Task1", "Task1", "{9FBFD02A-2600-4E94-96EE-18BD9B8E6578}"
EndProject
Project("{9A19103F-16F7-4668-BE54-9A1E7A4F7556}") = "Tyuiu.RaushKN.Sprint2.Task1.V29", "Tyuiu.RaushKN.Sprint2.Task1.V29\Tyuiu.RaushKN.Sprint2.Task1.V29.csproj", "{0DD8611E-742E-4EC7-9B2F-CFE99A339A53}"
EndProject
Project("{9A19103F-16F7-4668-BE54-9A1E7A4F7556}") = "Tyuiu.RaushKN.Sprint2.Task1.V29.Test", "Tyuiu.RaushKN.Sprint2.Task1.V29.Test\Tyuiu.RaushKN.Sprint2.Task1.V29.Test.csproj", "{3E325213-6615-4CA7-9DF6-F107D80F0038}"
EndProject
Project("{9A19103F-16F7-4668-BE54-9A1E7A4F7556}") = "Tyuiu.RaushKN.Sprint2.Task1.V29.Lib", "Tyuiu.RaushKN.Sprint2.Task1.V29.Lib\Tyuiu.RaushKN.Sprint2.Task1.V29.Lib.csproj", "{933CC23F-06F8-4719-9069-843AEC597EBB}"
EndProject
Project("{2150E333-8FDC-42A3-9474-1A3956D46DE8}") = "Task2", "Task2", "{95302F6B-9DF8-49C9-ACAF-29E9C1DB19DC}"
EndProject
Project("{9A19103F-16F7-4668-BE54-9A1E7A4F7556}") = "Tyuiu.RaushKN.Sprint2.Task2.V22", "Tyuiu.RaushKN.Sprint2.Task2.V22\Tyuiu.RaushKN.Sprint2.Task2.V22.csproj", "{F4C2D641-6224-4A44-8217-5A876ED9CF15}"
EndProject
Project("{9A19103F-16F7-4668-BE54-9A1E7A4F7556}") = "Tyuiu.RaushKN.Sprint2.Task2.V22.Lib", "Tyuiu.RaushKN.Sprint2.Task2.V22.Lib\Tyuiu.RaushKN.Sprint2.Task2.V22.Lib.csproj", "{903BB818-78FD-45E0-AE06-36E163B8B5BF}"
EndProject
Project("{9A19103F-16F7-4668-BE54-9A1E7A4F7556}") = "Tyuiu.RaushKN.Sprint2.Task2.V22.Test", "Tyuiu.RaushKN.Sprint2.Task2.V22.Test\Tyuiu.RaushKN.Sprint2.Task2.V22.Test.csproj", "{99CD33B4-5523-42B7-B5D5-78A5FEA9D3FB}"
EndProject
Project("{2150E333-8FDC-42A3-9474-1A3956D46DE8}") = "Task3", "Task3", "{F220DAC1-E1FB-4D80-B942-6E013CBA1008}"
EndProject
Project("{9A19103F-16F7-4668-BE54-9A1E7A4F7556}") = "Tyuiu.RaushKN.Sprint2.Task3.V2.Lib", "Tyuiu.RaushKN.Sprint2.Task3.V2.Lib\Tyuiu.RaushKN.Sprint2.Task3.V2.Lib.csproj", "{28AB695E-F6A4-4879-8CD9-A859C7BA1BCE}"
EndProject
Project("{9A19103F-16F7-4668-BE54-9A1E7A4F7556}") = "Tyuiu.RaushKN.Sprint2.Task3.V2.Test", "Tyuiu.RaushKN.Sprint2.Task3.V2.Test\Tyuiu.RaushKN.Sprint2.Task3.V2.Test.csproj", "{399569AC-9EC3-41C5-98B0-A2D5CDEE5488}"
EndProject
Project("{9A19103F-16F7-4668-BE54-9A1E7A4F7556}") = "Tyuiu.RaushKN.Sprint2.Task3.V2", "Tyuiu.RaushKN.Sprint2.Task3.V2\Tyuiu.RaushKN.Sprint2.Task3.V2.csproj", "{55541E30-1358-46D0-9EDA-259C7E555F25}"
EndProject
Project("{2150E333-8FDC-42A3-9474-1A3956D46DE8}") = "Task4", "Task4", "{99F343E1-9730-47E1-A3FD-56B8C2EEA7C0}"
EndProject
Project("{9A19103F-16F7-4668-BE54-9A1E7A4F7556}") = "Tyuiu.RaushKN.Sprint2.Task4.V5", "Tyuiu.RaushKN.Sprint2.Task4.V5\Tyuiu.RaushKN.Sprint2.Task4.V5.csproj", "{7F2FF5E1-F807-4059-973F-C0760DA9F3A5}"
EndProject
Project("{9A19103F-16F7-4668-BE54-9A1E7A4F7556}") = "Tyuiu.RaushKN.Sprint2.Task4.V5.Test", "Tyuiu.RaushKN.Sprint2.Task4.V5.Test\Tyuiu.RaushKN.Sprint2.Task4.V5.Test.csproj", "{3BC30470-5F5A-4325-8D95-DF2AECE53716}"
EndProject
Project("{9A19103F-16F7-4668-BE54-9A1E7A4F7556}") = "Tyuiu.RaushKN.Sprint2.Task4.V5.Lib", "Tyuiu.RaushKN.Sprint2.Task4.V5.Lib\Tyuiu.RaushKN.Sprint2.Task4.V5.Lib.csproj", "{072DFF8B-D6EB-489D-B95C-AAD9D2A2FFB7}"
EndProject
Project("{2150E333-8FDC-42A3-9474-1A3956D46DE8}") = "Task5", "Task5", "{A0A0974B-636F-4A62-B538-C7028108788F}"
EndProject
Project("{9A19103F-16F7-4668-BE54-9A1E7A4F7556}") = "Tyuiu.RaushKN.Sprint2.Task5.V15.Lib", "Tyuiu.RaushKN.Sprint2.Task5.V15.Lib\Tyuiu.RaushKN.Sprint2.Task5.V15.Lib.csproj", "{6E0C5CB2-AAAA-4777-AEAC-5FF897F64AE5}"
EndProject
Project("{9A19103F-16F7-4668-BE54-9A1E7A4F7556}") = "Tyuiu.RaushKN.Sprint2.Task5.V15.Test", "Tyuiu.RaushKN.Sprint2.Task5.V15.Test\Tyuiu.RaushKN.Sprint2.Task5.V15.Test.csproj", "{2BDBD66F-324D-4B87-B9BB-E63A2798E6B2}"
EndProject
Project("{9A19103F-16F7-4668-BE54-9A1E7A4F7556}") = "Tyuiu.RaushKN.Sprint2.Task5.V15", "Tyuiu.RaushKN.Sprint2.Task5.V15\Tyuiu.RaushKN.Sprint2.Task5.V15.csproj", "{C54B6932-0826-4F9D-985F-EA3815703161}"
EndProject
Project("{2150E333-8FDC-42A3-9474-1A3956D46DE8}") = "Task6", "Task6", "{C659427C-4D07-4E1C-96C8-799487F24B24}"
EndProject
Project("{FAE04EC0-301F-11D3-BF4B-00C04F79EFBC}") = "Tyuiu.RaushKN.Sprint2.Task6.V3", "Tyuiu.RaushKN.Sprint2.Task6.V3\Tyuiu.RaushKN.Sprint2.Task6.V3.csproj", "{91F906F0-1D17-462E-AB62-3F05FFF9CDB4}"
EndProject
Project("{FAE04EC0-301F-11D3-BF4B-00C04F79EFBC}") = "Tyuiu.RaushKN.Sprint2.Task6.V3.Test", "Tyuiu.RaushKN.Sprint2.Task6.V3.Test\Tyuiu.RaushKN.Sprint2.Task6.V3.Test.csproj", "{22BF1FAD-0D88-46A5-8914-22D43EA4CBAA}"
EndProject
Project("{FAE04EC0-301F-11D3-BF4B-00C04F79EFBC}") = "Tyuiu.RaushKN.Sprint2.Task6.V3.Lib", "Tyuiu.RaushKN.Sprint2.Task6.V3.Lib\Tyuiu.RaushKN.Sprint2.Task6.V3.Lib.csproj", "{27DFEE1C-16D7-4396-8BF9-5C15504DA047}"
EndProject
Global
	GlobalSection(SolutionConfigurationPlatforms) = preSolution
		Debug|Any CPU = Debug|Any CPU
		Release|Any CPU = Release|Any CPU
	EndGlobalSection
	GlobalSection(ProjectConfigurationPlatforms) = postSolution
		{2B1273D7-7EB8-4750-950E-7A01DE1C0C93}.Debug|Any CPU.ActiveCfg = Debug|Any CPU
		{2B1273D7-7EB8-4750-950E-7A01DE1C0C93}.Debug|Any CPU.Build.0 = Debug|Any CPU
		{2B1273D7-7EB8-4750-950E-7A01DE1C0C93}.Release|Any CPU.ActiveCfg = Release|Any CPU
		{2B1273D7-7EB8-4750-950E-7A01DE1C0C93}.Release|Any CPU.Build.0 = Release|Any CPU
		{BDE60231-1735-4D02-97BA-77E65BF15A06}.Debug|Any CPU.ActiveCfg = Debug|Any CPU
		{BDE60231-1735-4D02-97BA-77E65BF15A06}.Debug|Any CPU.Build.0 = Debug|Any CPU
		{BDE60231-1735-4D02-97BA-77E65BF15A06}.Release|Any CPU.ActiveCfg = Release|Any CPU
		{BDE60231-1735-4D02-97BA-77E65BF15A06}.Release|Any CPU.Build.0 = Release|Any CPU
		{3BB0A7AF-D47D-43E0-803D-95E15333C350}.Debug|Any CPU.ActiveCfg = Debug|Any CPU
		{3BB0A7AF-D47D-43E0-803D-95E15333C350}.Debug|Any CPU.Build.0 = Debug|Any CPU
		{3BB0A7AF-D47D-43E0-803D-95E15333C350}.Release|Any CPU.ActiveCfg = Release|Any CPU
		{3BB0A7AF-D47D-43E0-803D-95E15333C350}.Release|Any CPU.Build.0 = Release|Any CPU
		{0DD8611E-742E-4EC7-9B2F-CFE99A339A53}.Debug|Any CPU.ActiveCfg = Debug|Any CPU
		{0DD8611E-742E-4EC7-9B2F-CFE99A339A53}.Debug|Any CPU.Build.0 = Debug|Any CPU
		{0DD8611E-742E-4EC7-9B2F-CFE99A339A53}.Release|Any CPU.ActiveCfg = Release|Any CPU
		{0DD8611E-742E-4EC7-9B2F-CFE99A339A53}.Release|Any CPU.Build.0 = Release|Any CPU
		{3E325213-6615-4CA7-9DF6-F107D80F0038}.Debug|Any CPU.ActiveCfg = Debug|Any CPU
		{3E325213-6615-4CA7-9DF6-F107D80F0038}.Debug|Any CPU.Build.0 = Debug|Any CPU
		{3E325213-6615-4CA7-9DF6-F107D80F0038}.Release|Any CPU.ActiveCfg = Release|Any CPU
		{3E325213-6615-4CA7-9DF6-F107D80F0038}.Release|Any CPU.Build.0 = Release|Any CPU
		{933CC23F-06F8-4719-9069-843AEC597EBB}.Debug|Any CPU.ActiveCfg = Debug|Any CPU
		{933CC23F-06F8-4719-9069-843AEC597EBB}.Debug|Any CPU.Build.0 = Debug|Any CPU
		{933CC23F-06F8-4719-9069-843AEC597EBB}.Release|Any CPU.ActiveCfg = Release|Any CPU
		{933CC23F-06F8-4719-9069-843AEC597EBB}.Release|Any CPU.Build.0 = Release|Any CPU
		{F4C2D641-6224-4A44-8217-5A876ED9CF15}.Debug|Any CPU.ActiveCfg = Debug|Any CPU
		{F4C2D641-6224-4A44-8217-5A876ED9CF15}.Debug|Any CPU.Build.0 = Debug|Any CPU
		{F4C2D641-6224-4A44-8217-5A876ED9CF15}.Release|Any CPU.ActiveCfg = Release|Any CPU
		{F4C2D641-6224-4A44-8217-5A876ED9CF15}.Release|Any CPU.Build.0 = Release|Any CPU
		{903BB818-78FD-45E0-AE06-36E163B8B5BF}.Debug|Any CPU.ActiveCfg = Debug|Any CPU
		{903BB818-78FD-45E0-AE06-36E163B8B5BF}.Debug|Any CPU.Build.0 = Debug|Any CPU
		{903BB818-78FD-45E0-AE06-36E163B8B5BF}.Release|Any CPU.ActiveCfg = Release|Any CPU
		{903BB818-78FD-45E0-AE06-36E163B8B5BF}.Release|Any CPU.Build.0 = Release|Any CPU
		{99CD33B4-5523-42B7-B5D5-78A5FEA9D3FB}.Debug|Any CPU.ActiveCfg = Debug|Any CPU
		{99CD33B4-5523-42B7-B5D5-78A5FEA9D3FB}.Debug|Any CPU.Build.0 = Debug|Any CPU
		{99CD33B4-5523-42B7-B5D5-78A5FEA9D3FB}.Release|Any CPU.ActiveCfg = Release|Any CPU
		{99CD33B4-5523-42B7-B5D5-78A5FEA9D3FB}.Release|Any CPU.Build.0 = Release|Any CPU
		{28AB695E-F6A4-4879-8CD9-A859C7BA1BCE}.Debug|Any CPU.ActiveCfg = Debug|Any CPU
		{28AB695E-F6A4-4879-8CD9-A859C7BA1BCE}.Debug|Any CPU.Build.0 = Debug|Any CPU
		{28AB695E-F6A4-4879-8CD9-A859C7BA1BCE}.Release|Any CPU.ActiveCfg = Release|Any CPU
		{28AB695E-F6A4-4879-8CD9-A859C7BA1BCE}.Release|Any CPU.Build.0 = Release|Any CPU
		{399569AC-9EC3-41C5-98B0-A2D5CDEE5488}.Debug|Any CPU.ActiveCfg = Debug|Any CPU
		{399569AC-9EC3-41C5-98B0-A2D5CDEE5488}.Debug|Any CPU.Build.0 = Debug|Any CPU
		{399569AC-9EC3-41C5-98B0-A2D5CDEE5488}.Release|Any CPU.ActiveCfg = Release|Any CPU
		{399569AC-9EC3-41C5-98B0-A2D5CDEE5488}.Release|Any CPU.Build.0 = Release|Any CPU
		{55541E30-1358-46D0-9EDA-259C7E555F25}.Debug|Any CPU.ActiveCfg = Debug|Any CPU
		{55541E30-1358-46D0-9EDA-259C7E555F25}.Debug|Any CPU.Build.0 = Debug|Any CPU
		{55541E30-1358-46D0-9EDA-259C7E555F25}.Release|Any CPU.ActiveCfg = Release|Any CPU
		{55541E30-1358-46D0-9EDA-259C7E555F25}.Release|Any CPU.Build.0 = Release|Any CPU
		{7F2FF5E1-F807-4059-973F-C0760DA9F3A5}.Debug|Any CPU.ActiveCfg = Debug|Any CPU
		{7F2FF5E1-F807-4059-973F-C0760DA9F3A5}.Debug|Any CPU.Build.0 = Debug|Any CPU
		{7F2FF5E1-F807-4059-973F-C0760DA9F3A5}.Release|Any CPU.ActiveCfg = Release|Any CPU
		{7F2FF5E1-F807-4059-973F-C0760DA9F3A5}.Release|Any CPU.Build.0 = Release|Any CPU
		{3BC30470-5F5A-4325-8D95-DF2AECE53716}.Debug|Any CPU.ActiveCfg = Debug|Any CPU
		{3BC30470-5F5A-4325-8D95-DF2AECE53716}.Debug|Any CPU.Build.0 = Debug|Any CPU
		{3BC30470-5F5A-4325-8D95-DF2AECE53716}.Release|Any CPU.ActiveCfg = Release|Any CPU
		{3BC30470-5F5A-4325-8D95-DF2AECE53716}.Release|Any CPU.Build.0 = Release|Any CPU
		{072DFF8B-D6EB-489D-B95C-AAD9D2A2FFB7}.Debug|Any CPU.ActiveCfg = Debug|Any CPU
		{072DFF8B-D6EB-489D-B95C-AAD9D2A2FFB7}.Debug|Any CPU.Build.0 = Debug|Any CPU
		{072DFF8B-D6EB-489D-B95C-AAD9D2A2FFB7}.Release|Any CPU.ActiveCfg = Release|Any CPU
		{072DFF8B-D6EB-489D-B95C-AAD9D2A2FFB7}.Release|Any CPU.Build.0 = Release|Any CPU
		{6E0C5CB2-AAAA-4777-AEAC-5FF897F64AE5}.Debug|Any CPU.ActiveCfg = Debug|Any CPU
		{6E0C5CB2-AAAA-4777-AEAC-5FF897F64AE5}.Debug|Any CPU.Build.0 = Debug|Any CPU
		{6E0C5CB2-AAAA-4777-AEAC-5FF897F64AE5}.Release|Any CPU.ActiveCfg = Release|Any CPU
		{6E0C5CB2-AAAA-4777-AEAC-5FF897F64AE5}.Release|Any CPU.Build.0 = Release|Any CPU
		{2BDBD66F-324D-4B87-B9BB-E63A2798E6B2}.Debug|Any CPU.ActiveCfg = Debug|Any CPU
		{2BDBD66F-324D-4B87-B9BB-E63A2798E6B2}.Debug|Any CPU.Build.0 = Debug|Any CPU
		{2BDBD66F-324D-4B87-B9BB-E63A2798E6B2}.Release|Any CPU.ActiveCfg = Release|Any CPU
		{2BDBD66F-324D-4B87-B9BB-E63A2798E6B2}.Release|Any CPU.Build.0 = Release|Any CPU
		{C54B6932-0826-4F9D-985F-EA3815703161}.Debug|Any CPU.ActiveCfg = Debug|Any CPU
		{C54B6932-0826-4F9D-985F-EA3815703161}.Debug|Any CPU.Build.0 = Debug|Any CPU
		{C54B6932-0826-4F9D-985F-EA3815703161}.Release|Any CPU.ActiveCfg = Release|Any CPU
		{C54B6932-0826-4F9D-985F-EA3815703161}.Release|Any CPU.Build.0 = Release|Any CPU
		{91F906F0-1D17-462E-AB62-3F05FFF9CDB4}.Debug|Any CPU.ActiveCfg = Debug|Any CPU
		{91F906F0-1D17-462E-AB62-3F05FFF9CDB4}.Debug|Any CPU.Build.0 = Debug|Any CPU
		{91F906F0-1D17-462E-AB62-3F05FFF9CDB4}.Release|Any CPU.ActiveCfg = Release|Any CPU
		{91F906F0-1D17-462E-AB62-3F05FFF9CDB4}.Release|Any CPU.Build.0 = Release|Any CPU
		{22BF1FAD-0D88-46A5-8914-22D43EA4CBAA}.Debug|Any CPU.ActiveCfg = Debug|Any CPU
		{22BF1FAD-0D88-46A5-8914-22D43EA4CBAA}.Debug|Any CPU.Build.0 = Debug|Any CPU
		{22BF1FAD-0D88-46A5-8914-22D43EA4CBAA}.Release|Any CPU.ActiveCfg = Release|Any CPU
		{22BF1FAD-0D88-46A5-8914-22D43EA4CBAA}.Release|Any CPU.Build.0 = Release|Any CPU
		{27DFEE1C-16D7-4396-8BF9-5C15504DA047}.Debug|Any CPU.ActiveCfg = Debug|Any CPU
		{27DFEE1C-16D7-4396-8BF9-5C15504DA047}.Debug|Any CPU.Build.0 = Debug|Any CPU
		{27DFEE1C-16D7-4396-8BF9-5C15504DA047}.Release|Any CPU.ActiveCfg = Release|Any CPU
		{27DFEE1C-16D7-4396-8BF9-5C15504DA047}.Release|Any CPU.Build.0 = Release|Any CPU
	EndGlobalSection
	GlobalSection(SolutionProperties) = preSolution
		HideSolutionNode = FALSE
	EndGlobalSection
	GlobalSection(NestedProjects) = preSolution
		{2B1273D7-7EB8-4750-950E-7A01DE1C0C93} = {6C609C5A-37FF-47CF-AA97-7413E2CCD74F}
		{BDE60231-1735-4D02-97BA-77E65BF15A06} = {6C609C5A-37FF-47CF-AA97-7413E2CCD74F}
		{3BB0A7AF-D47D-43E0-803D-95E15333C350} = {6C609C5A-37FF-47CF-AA97-7413E2CCD74F}
		{0DD8611E-742E-4EC7-9B2F-CFE99A339A53} = {9FBFD02A-2600-4E94-96EE-18BD9B8E6578}
		{3E325213-6615-4CA7-9DF6-F107D80F0038} = {9FBFD02A-2600-4E94-96EE-18BD9B8E6578}
		{933CC23F-06F8-4719-9069-843AEC597EBB} = {9FBFD02A-2600-4E94-96EE-18BD9B8E6578}
		{F4C2D641-6224-4A44-8217-5A876ED9CF15} = {95302F6B-9DF8-49C9-ACAF-29E9C1DB19DC}
		{903BB818-78FD-45E0-AE06-36E163B8B5BF} = {95302F6B-9DF8-49C9-ACAF-29E9C1DB19DC}
		{99CD33B4-5523-42B7-B5D5-78A5FEA9D3FB} = {95302F6B-9DF8-49C9-ACAF-29E9C1DB19DC}
		{28AB695E-F6A4-4879-8CD9-A859C7BA1BCE} = {F220DAC1-E1FB-4D80-B942-6E013CBA1008}
		{399569AC-9EC3-41C5-98B0-A2D5CDEE5488} = {F220DAC1-E1FB-4D80-B942-6E013CBA1008}
		{55541E30-1358-46D0-9EDA-259C7E555F25} = {F220DAC1-E1FB-4D80-B942-6E013CBA1008}
		{7F2FF5E1-F807-4059-973F-C0760DA9F3A5} = {99F343E1-9730-47E1-A3FD-56B8C2EEA7C0}
		{3BC30470-5F5A-4325-8D95-DF2AECE53716} = {99F343E1-9730-47E1-A3FD-56B8C2EEA7C0}
		{072DFF8B-D6EB-489D-B95C-AAD9D2A2FFB7} = {99F343E1-9730-47E1-A3FD-56B8C2EEA7C0}
		{6E0C5CB2-AAAA-4777-AEAC-5FF897F64AE5} = {A0A0974B-636F-4A62-B538-C7028108788F}
		{2BDBD66F-324D-4B87-B9BB-E63A2798E6B2} = {A0A0974B-636F-4A62-B538-C7028108788F}
		{C54B6932-0826-4F9D-985F-EA3815703161} = {A0A0974B-636F-4A62-B538-C7028108788F}
		{91F906F0-1D17-462E-AB62-3F05FFF9CDB4} = {C659427C-4D07-4E1C-96C8-799487F24B24}
		{22BF1FAD-0D88-46A5-8914-22D43EA4CBAA} = {C659427C-4D07-4E1C-96C8-799487F24B24}
		{27DFEE1C-16D7-4396-8BF9-5C15504DA047} = {C659427C-4D07-4E1C-96C8-799487F24B24}
	EndGlobalSection
	GlobalSection(ExtensibilityGlobals) = postSolution
		SolutionGuid = {9CE1A05C-F97A-4CFA-9334-922FBC198E7A}
	EndGlobalSection
EndGlobal
